
Microsoft Visual Studio Solution File, Format Version 12.00
# Visual Studio Version 16
VisualStudioVersion = 16.0.29905.134
MinimumVisualStudioVersion = 10.0.40219.1
Project("{9A19103F-16F7-4668-BE54-9A1E7A4F7556}") = "NotebookLibrary", "NotebookLibrary\NotebookLibrary.csproj", "{32C91666-2EBA-44C0-A444-7269EF6C0AEB}"
EndProject
Project("{9A19103F-16F7-4668-BE54-9A1E7A4F7556}") = "NotebookConsoleUI", "NotebookConsoleUI\NotebookConsoleUI.csproj", "{61F5FCF4-E777-46D4-A2F6-4698F977402C}"
EndProject
Project("{9A19103F-16F7-4668-BE54-9A1E7A4F7556}") = "NotebookDB", "NotebookDB\NotebookDB.csproj", "{411DD9F2-E340-4FD8-985B-543CB85985C7}"
EndProject
Project("{2150E333-8FDC-42A3-9474-1A3956D46DE8}") = "PresentationLayer", "PresentationLayer", "{66BCF6E4-0E70-4852-8D80-FAF4FA82CA73}"
EndProject
Project("{2150E333-8FDC-42A3-9474-1A3956D46DE8}") = "DBLayer", "DBLayer", "{712372F8-AEE0-4EB2-A9EB-FAA1893CFA44}"
EndProject
Project("{2150E333-8FDC-42A3-9474-1A3956D46DE8}") = "BusinessLayer", "BusinessLayer", "{6885381C-0447-4FDF-9B7D-9240B6BC28CB}"
EndProject
Project("{2150E333-8FDC-42A3-9474-1A3956D46DE8}") = "Solution Items", "Solution Items", "{4C10EF4E-AE60-4879-B80E-8C3E56A09730}"
	ProjectSection(SolutionItems) = preProject
		NotebookTask.txt = NotebookTask.txt
	EndProjectSection
EndProject
Project("{FAE04EC0-301F-11D3-BF4B-00C04F79EFBC}") = "NotebookWPFUI", "NotebookWPFUI\NotebookWPFUI.csproj", "{44A06CAE-1D65-414B-B454-46175A72CEAB}"
EndProject
Global
	GlobalSection(SolutionConfigurationPlatforms) = preSolution
		Debug|Any CPU = Debug|Any CPU
		Release|Any CPU = Release|Any CPU
	EndGlobalSection
	GlobalSection(ProjectConfigurationPlatforms) = postSolution
		{32C91666-2EBA-44C0-A444-7269EF6C0AEB}.Debug|Any CPU.ActiveCfg = Debug|Any CPU
		{32C91666-2EBA-44C0-A444-7269EF6C0AEB}.Debug|Any CPU.Build.0 = Debug|Any CPU
		{32C91666-2EBA-44C0-A444-7269EF6C0AEB}.Release|Any CPU.ActiveCfg = Release|Any CPU
		{32C91666-2EBA-44C0-A444-7269EF6C0AEB}.Release|Any CPU.Build.0 = Release|Any CPU
		{61F5FCF4-E777-46D4-A2F6-4698F977402C}.Debug|Any CPU.ActiveCfg = Debug|Any CPU
		{61F5FCF4-E777-46D4-A2F6-4698F977402C}.Debug|Any CPU.Build.0 = Debug|Any CPU
		{61F5FCF4-E777-46D4-A2F6-4698F977402C}.Release|Any CPU.ActiveCfg = Release|Any CPU
		{61F5FCF4-E777-46D4-A2F6-4698F977402C}.Release|Any CPU.Build.0 = Release|Any CPU
		{411DD9F2-E340-4FD8-985B-543CB85985C7}.Debug|Any CPU.ActiveCfg = Debug|Any CPU
		{411DD9F2-E340-4FD8-985B-543CB85985C7}.Debug|Any CPU.Build.0 = Debug|Any CPU
		{411DD9F2-E340-4FD8-985B-543CB85985C7}.Release|Any CPU.ActiveCfg = Release|Any CPU
		{411DD9F2-E340-4FD8-985B-543CB85985C7}.Release|Any CPU.Build.0 = Release|Any CPU
		{44A06CAE-1D65-414B-B454-46175A72CEAB}.Debug|Any CPU.ActiveCfg = Debug|Any CPU
		{44A06CAE-1D65-414B-B454-46175A72CEAB}.Debug|Any CPU.Build.0 = Debug|Any CPU
		{44A06CAE-1D65-414B-B454-46175A72CEAB}.Release|Any CPU.ActiveCfg = Release|Any CPU
		{44A06CAE-1D65-414B-B454-46175A72CEAB}.Release|Any CPU.Build.0 = Release|Any CPU
	EndGlobalSection
	GlobalSection(SolutionProperties) = preSolution
		HideSolutionNode = FALSE
	EndGlobalSection
	GlobalSection(NestedProjects) = preSolution
		{32C91666-2EBA-44C0-A444-7269EF6C0AEB} = {6885381C-0447-4FDF-9B7D-9240B6BC28CB}
		{61F5FCF4-E777-46D4-A2F6-4698F977402C} = {66BCF6E4-0E70-4852-8D80-FAF4FA82CA73}
		{411DD9F2-E340-4FD8-985B-543CB85985C7} = {712372F8-AEE0-4EB2-A9EB-FAA1893CFA44}
		{44A06CAE-1D65-414B-B454-46175A72CEAB} = {66BCF6E4-0E70-4852-8D80-FAF4FA82CA73}
	EndGlobalSection
	GlobalSection(ExtensibilityGlobals) = postSolution
		SolutionGuid = {A9611DDF-47C5-40EF-9694-3C123D228C79}
	EndGlobalSection
EndGlobal
